
Microsoft Visual Studio Solution File, Format Version 12.00
# Visual Studio 15
VisualStudioVersion = 15.0.34031.82
MinimumVisualStudioVersion = 10.0.40219.1
Project("{FAE04EC0-301F-11D3-BF4B-00C04F79EFBC}") = "NeoClient", "NeoClient\NeoClient.csproj", "{5D8E4BD7-9158-4E1A-819B-69CA7E43FFBC}"
EndProject
Global
	GlobalSection(SolutionConfigurationPlatforms) = preSolution
		Debug|Any CPU = Debug|Any CPU
		Release|Any CPU = Release|Any CPU
	EndGlobalSection
	GlobalSection(ProjectConfigurationPlatforms) = postSolution
		{5D8E4BD7-9158-4E1A-819B-69CA7E43FFBC}.Debug|Any CPU.ActiveCfg = Debug|Any CPU
		{5D8E4BD7-9158-4E1A-819B-69CA7E43FFBC}.Debug|Any CPU.Build.0 = Debug|Any CPU
		{5D8E4BD7-9158-4E1A-819B-69CA7E43FFBC}.Release|Any CPU.ActiveCfg = Release|Any CPU
		{5D8E4BD7-9158-4E1A-819B-69CA7E43FFBC}.Release|Any CPU.Build.0 = Release|Any CPU
	EndGlobalSection
	GlobalSection(SolutionProperties) = preSolution
		HideSolutionNode = FALSE
	EndGlobalSection
	GlobalSection(ExtensibilityGlobals) = postSolution
		SolutionGuid = {0F6E592E-CBF3-4D81-823B-1E1148D3451C}
	EndGlobalSection
EndGlobal
